PODS:
  - app_links (0.0.2):
    - Flutter
  - Flutter (1.0.0)
  - geolocator_apple (1.2.0):
    - Flutter
  - image_cropper (0.0.4):
    - Flutter
    - TOCropViewController (~> 2.7.4)
  - image_picker_ios (0.0.1):
    - Flutter
  - mapbox_maps_flutter (2.5.1):
    - Flutter
    - MapboxMaps (~> 11.9.1)
    - Turf (= 4.0.0)
  - MapboxCommon (24.9.0):
    - Turf (= 4.0.0)
  - MapboxCoreMaps (11.9.2):
    - MapboxCommon (~> 24.9)
  - MapboxMaps (11.9.1):
    - MapboxCommon (= 24.9.0)
    - MapboxCoreMaps (= 11.9.2)
    - Turf (= 4.0.0)
  - path_provider_foundation (0.0.1):
    - Flutter
    - FlutterMacOS
  - shared_preferences_foundation (0.0.1):
    - Flutter
    - FlutterMacOS
  - TOCropViewController (2.7.4)
  - Turf (4.0.0)
  - url_launcher_ios (0.0.1):
    - Flutter

DEPENDENCIES:
  - app_links (from `.symlinks/plugins/app_links/ios`)
  - Flutter (from `Flutter`)
  - geolocator_apple (from `.symlinks/plugins/geolocator_apple/ios`)
  - image_cropper (from `.symlinks/plugins/image_cropper/ios`)
  - image_picker_ios (from `.symlinks/plugins/image_picker_ios/ios`)
  - mapbox_maps_flutter (from `.symlinks/plugins/mapbox_maps_flutter/ios`)
  - path_provider_foundation (from `.symlinks/plugins/path_provider_foundation/darwin`)
  - shared_preferences_foundation (from `.symlinks/plugins/shared_preferences_foundation/darwin`)
  - url_launcher_ios (from `.symlinks/plugins/url_launcher_ios/ios`)

SPEC REPOS:
  trunk:
    - MapboxCommon
    - MapboxCoreMaps
    - MapboxMaps
    - TOCropViewController
    - Turf

EXTERNAL SOURCES:
  app_links:
    :path: ".symlinks/plugins/app_links/ios"
  Flutter:
    :path: Flutter
  geolocator_apple:
    :path: ".symlinks/plugins/geolocator_apple/ios"
  image_cropper:
    :path: ".symlinks/plugins/image_cropper/ios"
  image_picker_ios:
    :path: ".symlinks/plugins/image_picker_ios/ios"
  mapbox_maps_flutter:
    :path: ".symlinks/plugins/mapbox_maps_flutter/ios"
  path_provider_foundation:
    :path: ".symlinks/plugins/path_provider_foundation/darwin"
  shared_preferences_foundation:
    :path: ".symlinks/plugins/shared_preferences_foundation/darwin"
  url_launcher_ios:
    :path: ".symlinks/plugins/url_launcher_ios/ios"

SPEC CHECKSUMS:
  app_links: e7a6750a915a9e161c58d91bc610e8cd1d4d0ad0
  Flutter: e0871f40cf51350855a761d2e70bf5af5b9b5de7
  geolocator_apple: 9bcea1918ff7f0062d98345d238ae12718acfbc1
  image_cropper: e0bb0042e4404ff2ef134e5cf0492cbd892156cd
  image_picker_ios: c560581cceedb403a6ff17f2f816d7fea1421fc1
  mapbox_maps_flutter: c4a7d79d553ca71c02b6d1ef8bf7eee34ffd4c7e
  MapboxCommon: 678bfc4b477a804244fd7323c79cc7f2402f844e
  MapboxCoreMaps: c22e65380c0e11551081196f083b20cab662a5fe
  MapboxMaps: dbe3b02f9adcee903d5217c9b251536828bc6304
  path_provider_foundation: 2b6b4c569c0fb62ec74538f866245ac84301af46
  shared_preferences_foundation: fcdcbc04712aee1108ac7fda236f363274528f78
  TOCropViewController: 80b8985ad794298fb69d3341de183f33d1853654
  Turf: c9eb11a65d96af58cac523460fd40fec5061b081
  url_launcher_ios: 5334b05cef931de560670eeae103fd3e431ac3fe

PODFILE CHECKSUM: 819463e6a0290f5a72f145ba7cde16e8b6ef0796

COCOAPODS: 1.16.2
